
Microsoft Visual Studio Solution File, Format Version 12.00
# Visual Studio 15
VisualStudioVersion = 15.0.27004.2005
MinimumVisualStudioVersion = 10.0.40219.1
Project("{FAE04EC0-301F-11D3-BF4B-00C04F79EFBC}") = "Notes.App", "Notes.App\Notes.App.csproj", "{E048C606-55B1-40E8-80E1-D9DC8A4EA507}"
EndProject
Project("{FAE04EC0-301F-11D3-BF4B-00C04F79EFBC}") = "Notes.Data", "Notes.Data\Notes.Data.csproj", "{811F3EDB-A18E-4E3F-8255-6CBD20F5FA90}"
EndProject
Project("{FAE04EC0-301F-11D3-BF4B-00C04F79EFBC}") = "Notes.Models", "Notes.Models\Notes.Models.csproj", "{43752E2F-E312-408F-85DE-7FEC1665E0DE}"
EndProject
Project("{9A19103F-16F7-4668-BE54-9A1E7A4F7556}") = "SimpleMvc.Framework", "SimpleMvc.Framework\SimpleMvc.Framework.csproj", "{9C9DF14B-83C8-4E66-A432-FA40746E4CB7}"
EndProject
Project("{9A19103F-16F7-4668-BE54-9A1E7A4F7556}") = "WebServer", "WebServer\WebServer.csproj", "{FA8D4925-9F5B-411F-935F-2D8B42742366}"
EndProject
Global
	GlobalSection(SolutionConfigurationPlatforms) = preSolution
		Debug|Any CPU = Debug|Any CPU
		Release|Any CPU = Release|Any CPU
	EndGlobalSection
	GlobalSection(ProjectConfigurationPlatforms) = postSolution
		{E048C606-55B1-40E8-80E1-D9DC8A4EA507}.Debug|Any CPU.ActiveCfg = Debug|Any CPU
		{E048C606-55B1-40E8-80E1-D9DC8A4EA507}.Debug|Any CPU.Build.0 = Debug|Any CPU
		{E048C606-55B1-40E8-80E1-D9DC8A4EA507}.Release|Any CPU.ActiveCfg = Release|Any CPU
		{E048C606-55B1-40E8-80E1-D9DC8A4EA507}.Release|Any CPU.Build.0 = Release|Any CPU
		{811F3EDB-A18E-4E3F-8255-6CBD20F5FA90}.Debug|Any CPU.ActiveCfg = Debug|Any CPU
		{811F3EDB-A18E-4E3F-8255-6CBD20F5FA90}.Debug|Any CPU.Build.0 = Debug|Any CPU
		{811F3EDB-A18E-4E3F-8255-6CBD20F5FA90}.Release|Any CPU.ActiveCfg = Release|Any CPU
		{811F3EDB-A18E-4E3F-8255-6CBD20F5FA90}.Release|Any CPU.Build.0 = Release|Any CPU
		{43752E2F-E312-408F-85DE-7FEC1665E0DE}.Debug|Any CPU.ActiveCfg = Debug|Any CPU
		{43752E2F-E312-408F-85DE-7FEC1665E0DE}.Debug|Any CPU.Build.0 = Debug|Any CPU
		{43752E2F-E312-408F-85DE-7FEC1665E0DE}.Release|Any CPU.ActiveCfg = Release|Any CPU
		{43752E2F-E312-408F-85DE-7FEC1665E0DE}.Release|Any CPU.Build.0 = Release|Any CPU
		{9C9DF14B-83C8-4E66-A432-FA40746E4CB7}.Debug|Any CPU.ActiveCfg = Debug|Any CPU
		{9C9DF14B-83C8-4E66-A432-FA40746E4CB7}.Debug|Any CPU.Build.0 = Debug|Any CPU
		{9C9DF14B-83C8-4E66-A432-FA40746E4CB7}.Release|Any CPU.ActiveCfg = Release|Any CPU
		{9C9DF14B-83C8-4E66-A432-FA40746E4CB7}.Release|Any CPU.Build.0 = Release|Any CPU
		{FA8D4925-9F5B-411F-935F-2D8B42742366}.Debug|Any CPU.ActiveCfg = Debug|Any CPU
		{FA8D4925-9F5B-411F-935F-2D8B42742366}.Debug|Any CPU.Build.0 = Debug|Any CPU
		{FA8D4925-9F5B-411F-935F-2D8B42742366}.Release|Any CPU.ActiveCfg = Release|Any CPU
		{FA8D4925-9F5B-411F-935F-2D8B42742366}.Release|Any CPU.Build.0 = Release|Any CPU
	EndGlobalSection
	GlobalSection(SolutionProperties) = preSolution
		HideSolutionNode = FALSE
	EndGlobalSection
	GlobalSection(ExtensibilityGlobals) = postSolution
		SolutionGuid = {632CE467-8430-4383-9DA7-86F7E73E007B}
	EndGlobalSection
EndGlobal
